
Microsoft Visual Studio Solution File, Format Version 12.00
# Visual Studio 15
VisualStudioVersion = 15.0.28307.168
MinimumVisualStudioVersion = 10.0.40219.1
Project("{9A19103F-16F7-4668-BE54-9A1E7A4F7556}") = "DbPoc", "DbPoc\DbPoc.csproj", "{BF835AB5-5E81-4C00-B3EF-26914C482FA5}"
EndProject
Project("{FAE04EC0-301F-11D3-BF4B-00C04F79EFBC}") = "DbPoc.Domain", "DbPoc.Domain\DbPoc.Domain.csproj", "{A8F1CB88-06A9-4772-8C36-24EA8143189C}"
EndProject
Project("{FAE04EC0-301F-11D3-BF4B-00C04F79EFBC}") = "DbPoc.Persistence", "DbPoc.Persistence\DbPoc.Persistence.csproj", "{47337C4B-9855-4326-88C1-7DEF67247EE8}"
EndProject
Project("{FAE04EC0-301F-11D3-BF4B-00C04F79EFBC}") = "DbPoc.Application", "DbPoc.Application\DbPoc.Application.csproj", "{20C45E7C-9A8B-4F07-94BE-8CC6BA18ABB6}"
EndProject
Project("{2150E333-8FDC-42A3-9474-1A3956D46DE8}") = "Infrastructure", "Infrastructure", "{A3B51B92-9580-4074-A959-2AFAEC92E6B0}"
EndProject
Project("{FAE04EC0-301F-11D3-BF4B-00C04F79EFBC}") = "DbPoc.Infrastructure", "DbPoc.Infrastructure\DbPoc.Infrastructure.csproj", "{3BE5F1B8-25D3-4135-AD06-9847DEF918E5}"
EndProject
Project("{2150E333-8FDC-42A3-9474-1A3956D46DE8}") = "Core", "Core", "{8DFFC2EE-0B64-4ADF-A427-D0FFE70B5DDD}"
EndProject
Project("{2150E333-8FDC-42A3-9474-1A3956D46DE8}") = "Common", "Common", "{8CE5BE14-15CD-499D-A691-0DB221388847}"
EndProject
Project("{FAE04EC0-301F-11D3-BF4B-00C04F79EFBC}") = "DbPoc.Common", "DbPoc.Common\DbPoc.Common.csproj", "{767F2030-EEDD-46B7-A3F5-65AC8211D3B5}"
EndProject
Project("{2150E333-8FDC-42A3-9474-1A3956D46DE8}") = "Src", "Src", "{10DAFF05-6274-44F7-BA78-F7A3B09CB5A5}"
EndProject
Project("{2150E333-8FDC-42A3-9474-1A3956D46DE8}") = "Presentation", "Presentation", "{68220F12-76B2-40E7-BDF2-73FEC0DCAD74}"
EndProject
Project("{2150E333-8FDC-42A3-9474-1A3956D46DE8}") = "Doc", "Doc", "{1A84C8B8-2A45-4AA0-8406-AE8163A8519D}"
EndProject
Project("{2150E333-8FDC-42A3-9474-1A3956D46DE8}") = "Test", "Test", "{68DD57B2-A470-407B-B4E7-ACE20B400917}"
EndProject
Global
	GlobalSection(SolutionConfigurationPlatforms) = preSolution
		Debug|Any CPU = Debug|Any CPU
		Release|Any CPU = Release|Any CPU
	EndGlobalSection
	GlobalSection(ProjectConfigurationPlatforms) = postSolution
		{BF835AB5-5E81-4C00-B3EF-26914C482FA5}.Debug|Any CPU.ActiveCfg = Debug|Any CPU
		{BF835AB5-5E81-4C00-B3EF-26914C482FA5}.Debug|Any CPU.Build.0 = Debug|Any CPU
		{BF835AB5-5E81-4C00-B3EF-26914C482FA5}.Release|Any CPU.ActiveCfg = Release|Any CPU
		{BF835AB5-5E81-4C00-B3EF-26914C482FA5}.Release|Any CPU.Build.0 = Release|Any CPU
		{A8F1CB88-06A9-4772-8C36-24EA8143189C}.Debug|Any CPU.ActiveCfg = Debug|Any CPU
		{A8F1CB88-06A9-4772-8C36-24EA8143189C}.Debug|Any CPU.Build.0 = Debug|Any CPU
		{A8F1CB88-06A9-4772-8C36-24EA8143189C}.Release|Any CPU.ActiveCfg = Release|Any CPU
		{A8F1CB88-06A9-4772-8C36-24EA8143189C}.Release|Any CPU.Build.0 = Release|Any CPU
		{47337C4B-9855-4326-88C1-7DEF67247EE8}.Debug|Any CPU.ActiveCfg = Debug|Any CPU
		{47337C4B-9855-4326-88C1-7DEF67247EE8}.Debug|Any CPU.Build.0 = Debug|Any CPU
		{47337C4B-9855-4326-88C1-7DEF67247EE8}.Release|Any CPU.ActiveCfg = Release|Any CPU
		{47337C4B-9855-4326-88C1-7DEF67247EE8}.Release|Any CPU.Build.0 = Release|Any CPU
		{20C45E7C-9A8B-4F07-94BE-8CC6BA18ABB6}.Debug|Any CPU.ActiveCfg = Debug|Any CPU
		{20C45E7C-9A8B-4F07-94BE-8CC6BA18ABB6}.Debug|Any CPU.Build.0 = Debug|Any CPU
		{20C45E7C-9A8B-4F07-94BE-8CC6BA18ABB6}.Release|Any CPU.ActiveCfg = Release|Any CPU
		{20C45E7C-9A8B-4F07-94BE-8CC6BA18ABB6}.Release|Any CPU.Build.0 = Release|Any CPU
		{3BE5F1B8-25D3-4135-AD06-9847DEF918E5}.Debug|Any CPU.ActiveCfg = Debug|Any CPU
		{3BE5F1B8-25D3-4135-AD06-9847DEF918E5}.Debug|Any CPU.Build.0 = Debug|Any CPU
		{3BE5F1B8-25D3-4135-AD06-9847DEF918E5}.Release|Any CPU.ActiveCfg = Release|Any CPU
		{3BE5F1B8-25D3-4135-AD06-9847DEF918E5}.Release|Any CPU.Build.0 = Release|Any CPU
		{767F2030-EEDD-46B7-A3F5-65AC8211D3B5}.Debug|Any CPU.ActiveCfg = Debug|Any CPU
		{767F2030-EEDD-46B7-A3F5-65AC8211D3B5}.Debug|Any CPU.Build.0 = Debug|Any CPU
		{767F2030-EEDD-46B7-A3F5-65AC8211D3B5}.Release|Any CPU.ActiveCfg = Release|Any CPU
		{767F2030-EEDD-46B7-A3F5-65AC8211D3B5}.Release|Any CPU.Build.0 = Release|Any CPU
	EndGlobalSection
	GlobalSection(SolutionProperties) = preSolution
		HideSolutionNode = FALSE
	EndGlobalSection
	GlobalSection(NestedProjects) = preSolution
		{BF835AB5-5E81-4C00-B3EF-26914C482FA5} = {68220F12-76B2-40E7-BDF2-73FEC0DCAD74}
		{A8F1CB88-06A9-4772-8C36-24EA8143189C} = {8DFFC2EE-0B64-4ADF-A427-D0FFE70B5DDD}
		{47337C4B-9855-4326-88C1-7DEF67247EE8} = {A3B51B92-9580-4074-A959-2AFAEC92E6B0}
		{20C45E7C-9A8B-4F07-94BE-8CC6BA18ABB6} = {8DFFC2EE-0B64-4ADF-A427-D0FFE70B5DDD}
		{A3B51B92-9580-4074-A959-2AFAEC92E6B0} = {10DAFF05-6274-44F7-BA78-F7A3B09CB5A5}
		{3BE5F1B8-25D3-4135-AD06-9847DEF918E5} = {A3B51B92-9580-4074-A959-2AFAEC92E6B0}
		{8DFFC2EE-0B64-4ADF-A427-D0FFE70B5DDD} = {10DAFF05-6274-44F7-BA78-F7A3B09CB5A5}
		{8CE5BE14-15CD-499D-A691-0DB221388847} = {10DAFF05-6274-44F7-BA78-F7A3B09CB5A5}
		{767F2030-EEDD-46B7-A3F5-65AC8211D3B5} = {8CE5BE14-15CD-499D-A691-0DB221388847}
		{68220F12-76B2-40E7-BDF2-73FEC0DCAD74} = {10DAFF05-6274-44F7-BA78-F7A3B09CB5A5}
	EndGlobalSection
	GlobalSection(ExtensibilityGlobals) = postSolution
		SolutionGuid = {D54E8D69-FE9D-4592-808B-791021FC4C2A}
	EndGlobalSection
EndGlobal
